
Microsoft Visual Studio Solution File, Format Version 12.00
# Visual Studio 15
VisualStudioVersion = 15.0.26730.16
MinimumVisualStudioVersion = 10.0.40219.1
Project("{FAE04EC0-301F-11D3-BF4B-00C04F79EFBC}") = "App1.Android", "App1\App1.Android\App1.Android.csproj", "{6657027D-538F-439A-83D9-4FDAF62A7284}"
EndProject
Project("{FAE04EC0-301F-11D3-BF4B-00C04F79EFBC}") = "App1", "App1\App1\App1.csproj", "{A9918E9B-431B-4EB5-8137-ED14A2DADBC2}"
EndProject
Project("{FAE04EC0-301F-11D3-BF4B-00C04F79EFBC}") = "App1.UWP", "App1\App1.UWP\App1.UWP.csproj", "{40835DBA-D5F0-4B2A-B15C-A18B2918AE84}"
EndProject
Project("{FAE04EC0-301F-11D3-BF4B-00C04F79EFBC}") = "App1.iOS", "App1\App1.iOS\App1.iOS.csproj", "{D79E2080-C86E-46DB-9537-15D7B6A64970}"
EndProject
Global
	GlobalSection(SolutionConfigurationPlatforms) = preSolution
		Ad-Hoc|Any CPU = Ad-Hoc|Any CPU
		Ad-Hoc|ARM = Ad-Hoc|ARM
		Ad-Hoc|iPhone = Ad-Hoc|iPhone
		Ad-Hoc|iPhoneSimulator = Ad-Hoc|iPhoneSimulator
		Ad-Hoc|x64 = Ad-Hoc|x64
		Ad-Hoc|x86 = Ad-Hoc|x86
		AppStore|Any CPU = AppStore|Any CPU
		AppStore|ARM = AppStore|ARM
		AppStore|iPhone = AppStore|iPhone
		AppStore|iPhoneSimulator = AppStore|iPhoneSimulator
		AppStore|x64 = AppStore|x64
		AppStore|x86 = AppStore|x86
		Debug|Any CPU = Debug|Any CPU
		Debug|ARM = Debug|ARM
		Debug|iPhone = Debug|iPhone
		Debug|iPhoneSimulator = Debug|iPhoneSimulator
		Debug|x64 = Debug|x64
		Debug|x86 = Debug|x86
		Release|Any CPU = Release|Any CPU
		Release|ARM = Release|ARM
		Release|iPhone = Release|iPhone
		Release|iPhoneSimulator = Release|iPhoneSimulator
		Release|x64 = Release|x64
		Release|x86 = Release|x86
	EndGlobalSection
	GlobalSection(ProjectConfigurationPlatforms) = postSolution
		{6657027D-538F-439A-83D9-4FDAF62A7284}.Ad-Hoc|Any CPU.ActiveCfg = Release|Any CPU
		{6657027D-538F-439A-83D9-4FDAF62A7284}.Ad-Hoc|Any CPU.Build.0 = Release|Any CPU
		{6657027D-538F-439A-83D9-4FDAF62A7284}.Ad-Hoc|Any CPU.Deploy.0 = Release|Any CPU
		{6657027D-538F-439A-83D9-4FDAF62A7284}.Ad-Hoc|ARM.ActiveCfg = Release|Any CPU
		{6657027D-538F-439A-83D9-4FDAF62A7284}.Ad-Hoc|ARM.Build.0 = Release|Any CPU
		{6657027D-538F-439A-83D9-4FDAF62A7284}.Ad-Hoc|ARM.Deploy.0 = Release|Any CPU
		{6657027D-538F-439A-83D9-4FDAF62A7284}.Ad-Hoc|iPhone.ActiveCfg = Release|Any CPU
		{6657027D-538F-439A-83D9-4FDAF62A7284}.Ad-Hoc|iPhone.Build.0 = Release|Any CPU
		{6657027D-538F-439A-83D9-4FDAF62A7284}.Ad-Hoc|iPhone.Deploy.0 = Release|Any CPU
		{6657027D-538F-439A-83D9-4FDAF62A7284}.Ad-Hoc|iPhoneSimulator.ActiveCfg = Release|Any CPU
		{6657027D-538F-439A-83D9-4FDAF62A7284}.Ad-Hoc|iPhoneSimulator.Build.0 = Release|Any CPU
		{6657027D-538F-439A-83D9-4FDAF62A7284}.Ad-Hoc|iPhoneSimulator.Deploy.0 = Release|Any CPU
		{6657027D-538F-439A-83D9-4FDAF62A7284}.Ad-Hoc|x64.ActiveCfg = Release|Any CPU
		{6657027D-538F-439A-83D9-4FDAF62A7284}.Ad-Hoc|x64.Build.0 = Release|Any CPU
		{6657027D-538F-439A-83D9-4FDAF62A7284}.Ad-Hoc|x64.Deploy.0 = Release|Any CPU
		{6657027D-538F-439A-83D9-4FDAF62A7284}.Ad-Hoc|x86.ActiveCfg = Release|Any CPU
		{6657027D-538F-439A-83D9-4FDAF62A7284}.Ad-Hoc|x86.Build.0 = Release|Any CPU
		{6657027D-538F-439A-83D9-4FDAF62A7284}.Ad-Hoc|x86.Deploy.0 = Release|Any CPU
		{6657027D-538F-439A-83D9-4FDAF62A7284}.AppStore|Any CPU.ActiveCfg = Release|Any CPU
		{6657027D-538F-439A-83D9-4FDAF62A7284}.AppStore|Any CPU.Build.0 = Release|Any CPU
		{6657027D-538F-439A-83D9-4FDAF62A7284}.AppStore|Any CPU.Deploy.0 = Release|Any CPU
		{6657027D-538F-439A-83D9-4FDAF62A7284}.AppStore|ARM.ActiveCfg = Release|Any CPU
		{6657027D-538F-439A-83D9-4FDAF62A7284}.AppStore|ARM.Build.0 = Release|Any CPU
		{6657027D-538F-439A-83D9-4FDAF62A7284}.AppStore|ARM.Deploy.0 = Release|Any CPU
		{6657027D-538F-439A-83D9-4FDAF62A7284}.AppStore|iPhone.ActiveCfg = Release|Any CPU
		{6657027D-538F-439A-83D9-4FDAF62A7284}.AppStore|iPhone.Build.0 = Release|Any CPU
		{6657027D-538F-439A-83D9-4FDAF62A7284}.AppStore|iPhone.Deploy.0 = Release|Any CPU
		{6657027D-538F-439A-83D9-4FDAF62A7284}.AppStore|iPhoneSimulator.ActiveCfg = Release|Any CPU
		{6657027D-538F-439A-83D9-4FDAF62A7284}.AppStore|iPhoneSimulator.Build.0 = Release|Any CPU
		{6657027D-538F-439A-83D9-4FDAF62A7284}.AppStore|iPhoneSimulator.Deploy.0 = Release|Any CPU
		{6657027D-538F-439A-83D9-4FDAF62A7284}.AppStore|x64.ActiveCfg = Release|Any CPU
		{6657027D-538F-439A-83D9-4FDAF62A7284}.AppStore|x64.Build.0 = Release|Any CPU
		{6657027D-538F-439A-83D9-4FDAF62A7284}.AppStore|x64.Deploy.0 = Release|Any CPU
		{6657027D-538F-439A-83D9-4FDAF62A7284}.AppStore|x86.ActiveCfg = Release|Any CPU
		{6657027D-538F-439A-83D9-4FDAF62A7284}.AppStore|x86.Build.0 = Release|Any CPU
		{6657027D-538F-439A-83D9-4FDAF62A7284}.AppStore|x86.Deploy.0 = Release|Any CPU
		{6657027D-538F-439A-83D9-4FDAF62A7284}.Debug|Any CPU.ActiveCfg = Debug|Any CPU
		{6657027D-538F-439A-83D9-4FDAF62A7284}.Debug|Any CPU.Build.0 = Debug|Any CPU
		{6657027D-538F-439A-83D9-4FDAF62A7284}.Debug|Any CPU.Deploy.0 = Debug|Any CPU
		{6657027D-538F-439A-83D9-4FDAF62A7284}.Debug|ARM.ActiveCfg = Debug|Any CPU
		{6657027D-538F-439A-83D9-4FDAF62A7284}.Debug|ARM.Build.0 = Debug|Any CPU
		{6657027D-538F-439A-83D9-4FDAF62A7284}.Debug|ARM.Deploy.0 = Debug|Any CPU
		{6657027D-538F-439A-83D9-4FDAF62A7284}.Debug|iPhone.ActiveCfg = Debug|Any CPU
		{6657027D-538F-439A-83D9-4FDAF62A7284}.Debug|iPhone.Build.0 = Debug|Any CPU
		{6657027D-538F-439A-83D9-4FDAF62A7284}.Debug|iPhone.Deploy.0 = Debug|Any CPU
		{6657027D-538F-439A-83D9-4FDAF62A7284}.Debug|iPhoneSimulator.ActiveCfg = Debug|Any CPU
		{6657027D-538F-439A-83D9-4FDAF62A7284}.Debug|iPhoneSimulator.Build.0 = Debug|Any CPU
		{6657027D-538F-439A-83D9-4FDAF62A7284}.Debug|iPhoneSimulator.Deploy.0 = Debug|Any CPU
		{6657027D-538F-439A-83D9-4FDAF62A7284}.Debug|x64.ActiveCfg = Debug|Any CPU
		{6657027D-538F-439A-83D9-4FDAF62A7284}.Debug|x64.Build.0 = Debug|Any CPU
		{6657027D-538F-439A-83D9-4FDAF62A7284}.Debug|x64.Deploy.0 = Debug|Any CPU
		{6657027D-538F-439A-83D9-4FDAF62A7284}.Debug|x86.ActiveCfg = Debug|Any CPU
		{6657027D-538F-439A-83D9-4FDAF62A7284}.Debug|x86.Build.0 = Debug|Any CPU
		{6657027D-538F-439A-83D9-4FDAF62A7284}.Debug|x86.Deploy.0 = Debug|Any CPU
		{6657027D-538F-439A-83D9-4FDAF62A7284}.Release|Any CPU.ActiveCfg = Release|Any CPU
		{6657027D-538F-439A-83D9-4FDAF62A7284}.Release|Any CPU.Build.0 = Release|Any CPU
		{6657027D-538F-439A-83D9-4FDAF62A7284}.Release|Any CPU.Deploy.0 = Release|Any CPU
		{6657027D-538F-439A-83D9-4FDAF62A7284}.Release|ARM.ActiveCfg = Release|Any CPU
		{6657027D-538F-439A-83D9-4FDAF62A7284}.Release|ARM.Build.0 = Release|Any CPU
		{6657027D-538F-439A-83D9-4FDAF62A7284}.Release|ARM.Deploy.0 = Release|Any CPU
		{6657027D-538F-439A-83D9-4FDAF62A7284}.Release|iPhone.ActiveCfg = Release|Any CPU
		{6657027D-538F-439A-83D9-4FDAF62A7284}.Release|iPhone.Build.0 = Release|Any CPU
		{6657027D-538F-439A-83D9-4FDAF62A7284}.Release|iPhone.Deploy.0 = Release|Any CPU
		{6657027D-538F-439A-83D9-4FDAF62A7284}.Release|iPhoneSimulator.ActiveCfg = Release|Any CPU
		{6657027D-538F-439A-83D9-4FDAF62A7284}.Release|iPhoneSimulator.Build.0 = Release|Any CPU
		{6657027D-538F-439A-83D9-4FDAF62A7284}.Release|iPhoneSimulator.Deploy.0 = Release|Any CPU
		{6657027D-538F-439A-83D9-4FDAF62A7284}.Release|x64.ActiveCfg = Release|Any CPU
		{6657027D-538F-439A-83D9-4FDAF62A7284}.Release|x64.Build.0 = Release|Any CPU
		{6657027D-538F-439A-83D9-4FDAF62A7284}.Release|x64.Deploy.0 = Release|Any CPU
		{6657027D-538F-439A-83D9-4FDAF62A7284}.Release|x86.ActiveCfg = Release|Any CPU
		{6657027D-538F-439A-83D9-4FDAF62A7284}.Release|x86.Build.0 = Release|Any CPU
		{6657027D-538F-439A-83D9-4FDAF62A7284}.Release|x86.Deploy.0 = Release|Any CPU
		{A9918E9B-431B-4EB5-8137-ED14A2DADBC2}.Ad-Hoc|Any CPU.ActiveCfg = Release|Any CPU
		{A9918E9B-431B-4EB5-8137-ED14A2DADBC2}.Ad-Hoc|Any CPU.Build.0 = Release|Any CPU
		{A9918E9B-431B-4EB5-8137-ED14A2DADBC2}.Ad-Hoc|ARM.ActiveCfg = Release|Any CPU
		{A9918E9B-431B-4EB5-8137-ED14A2DADBC2}.Ad-Hoc|ARM.Build.0 = Release|Any CPU
		{A9918E9B-431B-4EB5-8137-ED14A2DADBC2}.Ad-Hoc|iPhone.ActiveCfg = Release|Any CPU
		{A9918E9B-431B-4EB5-8137-ED14A2DADBC2}.Ad-Hoc|iPhone.Build.0 = Release|Any CPU
		{A9918E9B-431B-4EB5-8137-ED14A2DADBC2}.Ad-Hoc|iPhoneSimulator.ActiveCfg = Release|Any CPU
		{A9918E9B-431B-4EB5-8137-ED14A2DADBC2}.Ad-Hoc|iPhoneSimulator.Build.0 = Release|Any CPU
		{A9918E9B-431B-4EB5-8137-ED14A2DADBC2}.Ad-Hoc|x64.ActiveCfg = Release|Any CPU
		{A9918E9B-431B-4EB5-8137-ED14A2DADBC2}.Ad-Hoc|x64.Build.0 = Release|Any CPU
		{A9918E9B-431B-4EB5-8137-ED14A2DADBC2}.Ad-Hoc|x86.ActiveCfg = Release|Any CPU
		{A9918E9B-431B-4EB5-8137-ED14A2DADBC2}.Ad-Hoc|x86.Build.0 = Release|Any CPU
		{A9918E9B-431B-4EB5-8137-ED14A2DADBC2}.AppStore|Any CPU.ActiveCfg = Release|Any CPU
		{A9918E9B-431B-4EB5-8137-ED14A2DADBC2}.AppStore|Any CPU.Build.0 = Release|Any CPU
		{A9918E9B-431B-4EB5-8137-ED14A2DADBC2}.AppStore|ARM.ActiveCfg = Release|Any CPU
		{A9918E9B-431B-4EB5-8137-ED14A2DADBC2}.AppStore|ARM.Build.0 = Release|Any CPU
		{A9918E9B-431B-4EB5-8137-ED14A2DADBC2}.AppStore|iPhone.ActiveCfg = Release|Any CPU
		{A9918E9B-431B-4EB5-8137-ED14A2DADBC2}.AppStore|iPhone.Build.0 = Release|Any CPU
		{A9918E9B-431B-4EB5-8137-ED14A2DADBC2}.AppStore|iPhoneSimulator.ActiveCfg = Release|Any CPU
		{A9918E9B-431B-4EB5-8137-ED14A2DADBC2}.AppStore|iPhoneSimulator.Build.0 = Release|Any CPU
		{A9918E9B-431B-4EB5-8137-ED14A2DADBC2}.AppStore|x64.ActiveCfg = Release|Any CPU
		{A9918E9B-431B-4EB5-8137-ED14A2DADBC2}.AppStore|x64.Build.0 = Release|Any CPU
		{A9918E9B-431B-4EB5-8137-ED14A2DADBC2}.AppStore|x86.ActiveCfg = Release|Any CPU
		{A9918E9B-431B-4EB5-8137-ED14A2DADBC2}.AppStore|x86.Build.0 = Release|Any CPU
		{A9918E9B-431B-4EB5-8137-ED14A2DADBC2}.Debug|Any CPU.ActiveCfg = Debug|Any CPU
		{A9918E9B-431B-4EB5-8137-ED14A2DADBC2}.Debug|Any CPU.Build.0 = Debug|Any CPU
		{A9918E9B-431B-4EB5-8137-ED14A2DADBC2}.Debug|ARM.ActiveCfg = Debug|Any CPU
		{A9918E9B-431B-4EB5-8137-ED14A2DADBC2}.Debug|ARM.Build.0 = Debug|Any CPU
		{A9918E9B-431B-4EB5-8137-ED14A2DADBC2}.Debug|iPhone.ActiveCfg = Debug|Any CPU
		{A9918E9B-431B-4EB5-8137-ED14A2DADBC2}.Debug|iPhone.Build.0 = Debug|Any CPU
		{A9918E9B-431B-4EB5-8137-ED14A2DADBC2}.Debug|iPhoneSimulator.ActiveCfg = Debug|Any CPU
		{A9918E9B-431B-4EB5-8137-ED14A2DADBC2}.Debug|iPhoneSimulator.Build.0 = Debug|Any CPU
		{A9918E9B-431B-4EB5-8137-ED14A2DADBC2}.Debug|x64.ActiveCfg = Debug|Any CPU
		{A9918E9B-431B-4EB5-8137-ED14A2DADBC2}.Debug|x64.Build.0 = Debug|Any CPU
		{A9918E9B-431B-4EB5-8137-ED14A2DADBC2}.Debug|x86.ActiveCfg = Debug|Any CPU
		{A9918E9B-431B-4EB5-8137-ED14A2DADBC2}.Debug|x86.Build.0 = Debug|Any CPU
		{A9918E9B-431B-4EB5-8137-ED14A2DADBC2}.Release|Any CPU.ActiveCfg = Release|Any CPU
		{A9918E9B-431B-4EB5-8137-ED14A2DADBC2}.Release|Any CPU.Build.0 = Release|Any CPU
		{A9918E9B-431B-4EB5-8137-ED14A2DADBC2}.Release|ARM.ActiveCfg = Release|Any CPU
		{A9918E9B-431B-4EB5-8137-ED14A2DADBC2}.Release|ARM.Build.0 = Release|Any CPU
		{A9918E9B-431B-4EB5-8137-ED14A2DADBC2}.Release|iPhone.ActiveCfg = Release|Any CPU
		{A9918E9B-431B-4EB5-8137-ED14A2DADBC2}.Release|iPhone.Build.0 = Release|Any CPU
		{A9918E9B-431B-4EB5-8137-ED14A2DADBC2}.Release|iPhoneSimulator.ActiveCfg = Release|Any CPU
		{A9918E9B-431B-4EB5-8137-ED14A2DADBC2}.Release|iPhoneSimulator.Build.0 = Release|Any CPU
		{A9918E9B-431B-4EB5-8137-ED14A2DADBC2}.Release|x64.ActiveCfg = Release|Any CPU
		{A9918E9B-431B-4EB5-8137-ED14A2DADBC2}.Release|x64.Build.0 = Release|Any CPU
		{A9918E9B-431B-4EB5-8137-ED14A2DADBC2}.Release|x86.ActiveCfg = Release|Any CPU
		{A9918E9B-431B-4EB5-8137-ED14A2DADBC2}.Release|x86.Build.0 = Release|Any CPU
		{40835DBA-D5F0-4B2A-B15C-A18B2918AE84}.Ad-Hoc|Any CPU.ActiveCfg = Release|x86
		{40835DBA-D5F0-4B2A-B15C-A18B2918AE84}.Ad-Hoc|Any CPU.Build.0 = Release|x86
		{40835DBA-D5F0-4B2A-B15C-A18B2918AE84}.Ad-Hoc|Any CPU.Deploy.0 = Release|x86
		{40835DBA-D5F0-4B2A-B15C-A18B2918AE84}.Ad-Hoc|ARM.ActiveCfg = Release|ARM
		{40835DBA-D5F0-4B2A-B15C-A18B2918AE84}.Ad-Hoc|ARM.Build.0 = Release|ARM
		{40835DBA-D5F0-4B2A-B15C-A18B2918AE84}.Ad-Hoc|ARM.Deploy.0 = Release|ARM
		{40835DBA-D5F0-4B2A-B15C-A18B2918AE84}.Ad-Hoc|iPhone.ActiveCfg = Release|x86
		{40835DBA-D5F0-4B2A-B15C-A18B2918AE84}.Ad-Hoc|iPhone.Build.0 = Release|x86
		{40835DBA-D5F0-4B2A-B15C-A18B2918AE84}.Ad-Hoc|iPhone.Deploy.0 = Release|x86
		{40835DBA-D5F0-4B2A-B15C-A18B2918AE84}.Ad-Hoc|iPhoneSimulator.ActiveCfg = Release|x86
		{40835DBA-D5F0-4B2A-B15C-A18B2918AE84}.Ad-Hoc|iPhoneSimulator.Build.0 = Release|x86
		{40835DBA-D5F0-4B2A-B15C-A18B2918AE84}.Ad-Hoc|iPhoneSimulator.Deploy.0 = Release|x86
		{40835DBA-D5F0-4B2A-B15C-A18B2918AE84}.Ad-Hoc|x64.ActiveCfg = Release|x64
		{40835DBA-D5F0-4B2A-B15C-A18B2918AE84}.Ad-Hoc|x64.Build.0 = Release|x64
		{40835DBA-D5F0-4B2A-B15C-A18B2918AE84}.Ad-Hoc|x64.Deploy.0 = Release|x64
		{40835DBA-D5F0-4B2A-B15C-A18B2918AE84}.Ad-Hoc|x86.ActiveCfg = Release|x86
		{40835DBA-D5F0-4B2A-B15C-A18B2918AE84}.Ad-Hoc|x86.Build.0 = Release|x86
		{40835DBA-D5F0-4B2A-B15C-A18B2918AE84}.Ad-Hoc|x86.Deploy.0 = Release|x86
		{40835DBA-D5F0-4B2A-B15C-A18B2918AE84}.AppStore|Any CPU.ActiveCfg = Release|x86
		{40835DBA-D5F0-4B2A-B15C-A18B2918AE84}.AppStore|Any CPU.Build.0 = Release|x86
		{40835DBA-D5F0-4B2A-B15C-A18B2918AE84}.AppStore|Any CPU.Deploy.0 = Release|x86
		{40835DBA-D5F0-4B2A-B15C-A18B2918AE84}.AppStore|ARM.ActiveCfg = Release|ARM
		{40835DBA-D5F0-4B2A-B15C-A18B2918AE84}.AppStore|ARM.Build.0 = Release|ARM
		{40835DBA-D5F0-4B2A-B15C-A18B2918AE84}.AppStore|ARM.Deploy.0 = Release|ARM
		{40835DBA-D5F0-4B2A-B15C-A18B2918AE84}.AppStore|iPhone.ActiveCfg = Release|x86
		{40835DBA-D5F0-4B2A-B15C-A18B2918AE84}.AppStore|iPhone.Build.0 = Release|x86
		{40835DBA-D5F0-4B2A-B15C-A18B2918AE84}.AppStore|iPhone.Deploy.0 = Release|x86
		{40835DBA-D5F0-4B2A-B15C-A18B2918AE84}.AppStore|iPhoneSimulator.ActiveCfg = Release|x86
		{40835DBA-D5F0-4B2A-B15C-A18B2918AE84}.AppStore|iPhoneSimulator.Build.0 = Release|x86
		{40835DBA-D5F0-4B2A-B15C-A18B2918AE84}.AppStore|iPhoneSimulator.Deploy.0 = Release|x86
		{40835DBA-D5F0-4B2A-B15C-A18B2918AE84}.AppStore|x64.ActiveCfg = Release|x64
		{40835DBA-D5F0-4B2A-B15C-A18B2918AE84}.AppStore|x64.Build.0 = Release|x64
		{40835DBA-D5F0-4B2A-B15C-A18B2918AE84}.AppStore|x64.Deploy.0 = Release|x64
		{40835DBA-D5F0-4B2A-B15C-A18B2918AE84}.AppStore|x86.ActiveCfg = Release|x86
		{40835DBA-D5F0-4B2A-B15C-A18B2918AE84}.AppStore|x86.Build.0 = Release|x86
		{40835DBA-D5F0-4B2A-B15C-A18B2918AE84}.AppStore|x86.Deploy.0 = Release|x86
		{40835DBA-D5F0-4B2A-B15C-A18B2918AE84}.Debug|Any CPU.ActiveCfg = Debug|x86
		{40835DBA-D5F0-4B2A-B15C-A18B2918AE84}.Debug|ARM.ActiveCfg = Debug|ARM
		{40835DBA-D5F0-4B2A-B15C-A18B2918AE84}.Debug|ARM.Build.0 = Debug|ARM
		{40835DBA-D5F0-4B2A-B15C-A18B2918AE84}.Debug|ARM.Deploy.0 = Debug|ARM
		{40835DBA-D5F0-4B2A-B15C-A18B2918AE84}.Debug|iPhone.ActiveCfg = Debug|x86
		{40835DBA-D5F0-4B2A-B15C-A18B2918AE84}.Debug|iPhoneSimulator.ActiveCfg = Debug|x86
		{40835DBA-D5F0-4B2A-B15C-A18B2918AE84}.Debug|x64.ActiveCfg = Debug|x64
		{40835DBA-D5F0-4B2A-B15C-A18B2918AE84}.Debug|x64.Build.0 = Debug|x64
		{40835DBA-D5F0-4B2A-B15C-A18B2918AE84}.Debug|x64.Deploy.0 = Debug|x64
		{40835DBA-D5F0-4B2A-B15C-A18B2918AE84}.Debug|x86.ActiveCfg = Debug|x86
		{40835DBA-D5F0-4B2A-B15C-A18B2918AE84}.Debug|x86.Build.0 = Debug|x86
		{40835DBA-D5F0-4B2A-B15C-A18B2918AE84}.Debug|x86.Deploy.0 = Debug|x86
		{40835DBA-D5F0-4B2A-B15C-A18B2918AE84}.Release|Any CPU.ActiveCfg = Release|x86
		{40835DBA-D5F0-4B2A-B15C-A18B2918AE84}.Release|ARM.ActiveCfg = Release|ARM
		{40835DBA-D5F0-4B2A-B15C-A18B2918AE84}.Release|ARM.Build.0 = Release|ARM
		{40835DBA-D5F0-4B2A-B15C-A18B2918AE84}.Release|ARM.Deploy.0 = Release|ARM
		{40835DBA-D5F0-4B2A-B15C-A18B2918AE84}.Release|iPhone.ActiveCfg = Release|x86
		{40835DBA-D5F0-4B2A-B15C-A18B2918AE84}.Release|iPhoneSimulator.ActiveCfg = Release|x86
		{40835DBA-D5F0-4B2A-B15C-A18B2918AE84}.Release|x64.ActiveCfg = Release|x64
		{40835DBA-D5F0-4B2A-B15C-A18B2918AE84}.Release|x64.Build.0 = Release|x64
		{40835DBA-D5F0-4B2A-B15C-A18B2918AE84}.Release|x64.Deploy.0 = Release|x64
		{40835DBA-D5F0-4B2A-B15C-A18B2918AE84}.Release|x86.ActiveCfg = Release|x86
		{40835DBA-D5F0-4B2A-B15C-A18B2918AE84}.Release|x86.Build.0 = Release|x86
		{40835DBA-D5F0-4B2A-B15C-A18B2918AE84}.Release|x86.Deploy.0 = Release|x86
		{D79E2080-C86E-46DB-9537-15D7B6A64970}.Ad-Hoc|Any CPU.ActiveCfg = Ad-Hoc|iPhone
		{D79E2080-C86E-46DB-9537-15D7B6A64970}.Ad-Hoc|ARM.ActiveCfg = Ad-Hoc|iPhone
		{D79E2080-C86E-46DB-9537-15D7B6A64970}.Ad-Hoc|iPhone.ActiveCfg = Ad-Hoc|iPhone
		{D79E2080-C86E-46DB-9537-15D7B6A64970}.Ad-Hoc|iPhone.Build.0 = Ad-Hoc|iPhone
		{D79E2080-C86E-46DB-9537-15D7B6A64970}.Ad-Hoc|iPhoneSimulator.ActiveCfg = Ad-Hoc|iPhoneSimulator
		{D79E2080-C86E-46DB-9537-15D7B6A64970}.Ad-Hoc|iPhoneSimulator.Build.0 = Ad-Hoc|iPhoneSimulator
		{D79E2080-C86E-46DB-9537-15D7B6A64970}.Ad-Hoc|x64.ActiveCfg = Ad-Hoc|iPhone
		{D79E2080-C86E-46DB-9537-15D7B6A64970}.Ad-Hoc|x86.ActiveCfg = Ad-Hoc|iPhone
		{D79E2080-C86E-46DB-9537-15D7B6A64970}.AppStore|Any CPU.ActiveCfg = AppStore|iPhone
		{D79E2080-C86E-46DB-9537-15D7B6A64970}.AppStore|ARM.ActiveCfg = AppStore|iPhone
		{D79E2080-C86E-46DB-9537-15D7B6A64970}.AppStore|iPhone.ActiveCfg = AppStore|iPhone
		{D79E2080-C86E-46DB-9537-15D7B6A64970}.AppStore|iPhone.Build.0 = AppStore|iPhone
		{D79E2080-C86E-46DB-9537-15D7B6A64970}.AppStore|iPhoneSimulator.ActiveCfg = AppStore|iPhoneSimulator
		{D79E2080-C86E-46DB-9537-15D7B6A64970}.AppStore|iPhoneSimulator.Build.0 = AppStore|iPhoneSimulator
		{D79E2080-C86E-46DB-9537-15D7B6A64970}.AppStore|x64.ActiveCfg = AppStore|iPhone
		{D79E2080-C86E-46DB-9537-15D7B6A64970}.AppStore|x86.ActiveCfg = AppStore|iPhone
		{D79E2080-C86E-46DB-9537-15D7B6A64970}.Debug|Any CPU.ActiveCfg = Debug|iPhone
		{D79E2080-C86E-46DB-9537-15D7B6A64970}.Debug|ARM.ActiveCfg = Debug|iPhone
		{D79E2080-C86E-46DB-9537-15D7B6A64970}.Debug|iPhone.ActiveCfg = Debug|iPhone
		{D79E2080-C86E-46DB-9537-15D7B6A64970}.Debug|iPhone.Build.0 = Debug|iPhone
		{D79E2080-C86E-46DB-9537-15D7B6A64970}.Debug|iPhoneSimulator.ActiveCfg = Debug|iPhoneSimulator
		{D79E2080-C86E-46DB-9537-15D7B6A64970}.Debug|iPhoneSimulator.Build.0 = Debug|iPhoneSimulator
		{D79E2080-C86E-46DB-9537-15D7B6A64970}.Debug|x64.ActiveCfg = Debug|iPhone
		{D79E2080-C86E-46DB-9537-15D7B6A64970}.Debug|x86.ActiveCfg = Debug|iPhone
		{D79E2080-C86E-46DB-9537-15D7B6A64970}.Release|Any CPU.ActiveCfg = Release|iPhone
		{D79E2080-C86E-46DB-9537-15D7B6A64970}.Release|ARM.ActiveCfg = Release|iPhone
		{D79E2080-C86E-46DB-9537-15D7B6A64970}.Release|iPhone.ActiveCfg = Release|iPhone
		{D79E2080-C86E-46DB-9537-15D7B6A64970}.Release|iPhone.Build.0 = Release|iPhone
		{D79E2080-C86E-46DB-9537-15D7B6A64970}.Release|iPhoneSimulator.ActiveCfg = Release|iPhoneSimulator
		{D79E2080-C86E-46DB-9537-15D7B6A64970}.Release|iPhoneSimulator.Build.0 = Release|iPhoneSimulator
		{D79E2080-C86E-46DB-9537-15D7B6A64970}.Release|x64.ActiveCfg = Release|iPhone
		{D79E2080-C86E-46DB-9537-15D7B6A64970}.Release|x86.ActiveCfg = Release|iPhone
	EndGlobalSection
	GlobalSection(SolutionProperties) = preSolution
		HideSolutionNode = FALSE
	EndGlobalSection
	GlobalSection(ExtensibilityGlobals) = postSolution
		SolutionGuid = {95D698D6-9D7F-4AE0-9DEB-DC60EBD3067C}
	EndGlobalSection
EndGlobal
