// !$*UTF8*$!
{
	archiveVersion = 1;
	classes = {
	};
	objectVersion = 46;
	objects = {

/* Begin PBXBuildFile section */
		ED7D78EF1E73A21600C5D7E8 /* TableViewController.m in Sources */ = {isa = PBXBuildFile; fileRef = ED7D78EE1E73A21600C5D7E8 /* TableViewController.m */; };
		ED7D79241E73A9F000C5D7E8 /* TextFieldTableCellTableViewCell.m in Sources */ = {isa = PBXBuildFile; fileRef = ED7D79231E73A9F000C5D7E8 /* TextFieldTableCellTableViewCell.m */; };
		ED7D79271E73AA1400C5D7E8 /* ImageTableViewCell.m in Sources */ = {isa = PBXBuildFile; fileRef = ED7D79261E73AA1400C5D7E8 /* ImageTableViewCell.m */; };
		EDDEE18E1E6FBF7E00C2CCCB /* main.m in Sources */ = {isa = PBXBuildFile; fileRef = EDDEE18D1E6FBF7E00C2CCCB /* main.m */; };
		EDDEE1911E6FBF7E00C2CCCB /* AppDelegate.m in Sources */ = {isa = PBXBuildFile; fileRef = EDDEE1901E6FBF7E00C2CCCB /* AppDelegate.m */; };
		EDDEE1941E6FBF7E00C2CCCB /* FirstViewController.m in Sources */ = {isa = PBXBuildFile; fileRef = EDDEE1931E6FBF7E00C2CCCB /* FirstViewController.m */; };
		EDDEE1971E6FBF7E00C2CCCB /* Main.storyboard in Resources */ = {isa = PBXBuildFile; fileRef = EDDEE1951E6FBF7E00C2CCCB /* Main.storyboard */; };
		EDDEE1991E6FBF7E00C2CCCB /* Assets.xcassets in Resources */ = {isa = PBXBuildFile; fileRef = EDDEE1981E6FBF7E00C2CCCB /* Assets.xcassets */; };
		EDDEE19C1E6FBF7E00C2CCCB /* LaunchScreen.storyboard in Resources */ = {isa = PBXBuildFile; fileRef = EDDEE19A1E6FBF7E00C2CCCB /* LaunchScreen.storyboard */; };
		EDDEE1B71E6FBFB200C2CCCB /* Cloth.m in Sources */ = {isa = PBXBuildFile; fileRef = EDDEE1AC1E6FBFB200C2CCCB /* Cloth.m */; };
		EDDEE1B81E6FBFB200C2CCCB /* Drink.m in Sources */ = {isa = PBXBuildFile; fileRef = EDDEE1AE1E6FBFB200C2CCCB /* Drink.m */; };
		EDDEE1B91E6FBFB200C2CCCB /* Food.m in Sources */ = {isa = PBXBuildFile; fileRef = EDDEE1B01E6FBFB200C2CCCB /* Food.m */; };
		EDDEE1BA1E6FBFB200C2CCCB /* Material.m in Sources */ = {isa = PBXBuildFile; fileRef = EDDEE1B21E6FBFB200C2CCCB /* Material.m */; };
		EDDEE1BB1E6FBFB200C2CCCB /* Products.m in Sources */ = {isa = PBXBuildFile; fileRef = EDDEE1B41E6FBFB200C2CCCB /* Products.m */; };
		EDDEE1BC1E6FBFB200C2CCCB /* ShoppingCart.m in Sources */ = {isa = PBXBuildFile; fileRef = EDDEE1B61E6FBFB200C2CCCB /* ShoppingCart.m */; };
		EDDEE1C01E6FC54A00C2CCCB /* FoodViewController.m in Sources */ = {isa = PBXBuildFile; fileRef = EDDEE1BF1E6FC54A00C2CCCB /* FoodViewController.m */; };
		EDDEE1C31E6FC55800C2CCCB /* DrinkViewController.m in Sources */ = {isa = PBXBuildFile; fileRef = EDDEE1C21E6FC55800C2CCCB /* DrinkViewController.m */; };
		EDDEE1C61E6FC56100C2CCCB /* ClothViewController.m in Sources */ = {isa = PBXBuildFile; fileRef = EDDEE1C51E6FC56100C2CCCB /* ClothViewController.m */; };
		EDDEE1CA1E6FCB7500C2CCCB /* ShoppingCartViewController.m in Sources */ = {isa = PBXBuildFile; fileRef = EDDEE1C91E6FCB7500C2CCCB /* ShoppingCartViewController.m */; };
/* End PBXBuildFile section */

/* Begin PBXContainerItemProxy section */
		EAF1E77D1E7241F200DCA1BB /* PBXContainerItemProxy */ = {
			isa = PBXContainerItemProxy;
			containerPortal = EAF1E7791E7241EE00DCA1BB /* SampleDelegate.xcodeproj */;
			proxyType = 2;
			remoteGlobalIDString = EAF1E75F1E7241EE00DCA1BB;
			remoteInfo = SampleDelegate;
		};
		ED7D791D1E73A78000C5D7E8 /* PBXContainerItemProxy */ = {
			isa = PBXContainerItemProxy;
			containerPortal = ED7D79181E73A77F00C5D7E8 /* TableViewController.xcodeproj */;
			proxyType = 2;
			remoteGlobalIDString = ED7D78FE1E73A77E00C5D7E8;
			remoteInfo = TableViewController;
		};
/* End PBXContainerItemProxy section */

/* Begin PBXFileReference section */
		EAF1E7791E7241EE00DCA1BB /* SampleDelegate.xcodeproj */ = {isa = PBXFileReference; lastKnownFileType = "wrapper.pb-project"; name = SampleDelegate.xcodeproj; path = SampleDelegate/SampleDelegate.xcodeproj; sourceTree = "<group>"; };
		ED7D78ED1E73A21600C5D7E8 /* TableViewController.h */ = {isa = PBXFileReference; fileEncoding = 4; lastKnownFileType = sourcecode.c.h; path = TableViewController.h; sourceTree = "<group>"; };
		ED7D78EE1E73A21600C5D7E8 /* TableViewController.m */ = {isa = PBXFileReference; fileEncoding = 4; lastKnownFileType = sourcecode.c.objc; path = TableViewController.m; sourceTree = "<group>"; };
		ED7D79181E73A77F00C5D7E8 /* TableViewController.xcodeproj */ = {isa = PBXFileReference; lastKnownFileType = "wrapper.pb-project"; name = TableViewController.xcodeproj; path = TableViewController/TableViewController.xcodeproj; sourceTree = "<group>"; };
		ED7D79221E73A9F000C5D7E8 /* TextFieldTableCellTableViewCell.h */ = {isa = PBXFileReference; fileEncoding = 4; lastKnownFileType = sourcecode.c.h; path = TextFieldTableCellTableViewCell.h; sourceTree = "<group>"; };
		ED7D79231E73A9F000C5D7E8 /* TextFieldTableCellTableViewCell.m */ = {isa = PBXFileReference; fileEncoding = 4; lastKnownFileType = sourcecode.c.objc; path = TextFieldTableCellTableViewCell.m; sourceTree = "<group>"; };
		ED7D79251E73AA1400C5D7E8 /* ImageTableViewCell.h */ = {isa = PBXFileReference; fileEncoding = 4; lastKnownFileType = sourcecode.c.h; path = ImageTableViewCell.h; sourceTree = "<group>"; };
		ED7D79261E73AA1400C5D7E8 /* ImageTableViewCell.m */ = {isa = PBXFileReference; fileEncoding = 4; lastKnownFileType = sourcecode.c.objc; path = ImageTableViewCell.m; sourceTree = "<group>"; };
		EDDEE1891E6FBF7E00C2CCCB /* ShoppingCartUIApp.app */ = {isa = PBXFileReference; explicitFileType = wrapper.application; includeInIndex = 0; path = ShoppingCartUIApp.app; sourceTree = BUILT_PRODUCTS_DIR; };
		EDDEE18D1E6FBF7E00C2CCCB /* main.m */ = {isa = PBXFileReference; lastKnownFileType = sourcecode.c.objc; path = main.m; sourceTree = "<group>"; };
		EDDEE18F1E6FBF7E00C2CCCB /* AppDelegate.h */ = {isa = PBXFileReference; lastKnownFileType = sourcecode.c.h; path = AppDelegate.h; sourceTree = "<group>"; };
		EDDEE1901E6FBF7E00C2CCCB /* AppDelegate.m */ = {isa = PBXFileReference; lastKnownFileType = sourcecode.c.objc; path = AppDelegate.m; sourceTree = "<group>"; };
		EDDEE1921E6FBF7E00C2CCCB /* FirstViewController.h */ = {isa = PBXFileReference; lastKnownFileType = sourcecode.c.h; path = FirstViewController.h; sourceTree = "<group>"; };
		EDDEE1931E6FBF7E00C2CCCB /* FirstViewController.m */ = {isa = PBXFileReference; lastKnownFileType = sourcecode.c.objc; path = FirstViewController.m; sourceTree = "<group>"; };
		EDDEE1961E6FBF7E00C2CCCB /* Base */ = {isa = PBXFileReference; lastKnownFileType = file.storyboard; name = Base; path = Base.lproj/Main.storyboard; sourceTree = "<group>"; };
		EDDEE1981E6FBF7E00C2CCCB /* Assets.xcassets */ = {isa = PBXFileReference; lastKnownFileType = folder.assetcatalog; path = Assets.xcassets; sourceTree = "<group>"; };
		EDDEE19B1E6FBF7E00C2CCCB /* Base */ = {isa = PBXFileReference; lastKnownFileType = file.storyboard; name = Base; path = Base.lproj/LaunchScreen.storyboard; sourceTree = "<group>"; };
		EDDEE19D1E6FBF7E00C2CCCB /* Info.plist */ = {isa = PBXFileReference; lastKnownFileType = text.plist.xml; path = Info.plist; sourceTree = "<group>"; };
		EDDEE1AB1E6FBFB200C2CCCB /* Cloth.h */ = {isa = PBXFileReference; fileEncoding = 4; lastKnownFileType = sourcecode.c.h; path = Cloth.h; sourceTree = "<group>"; };
		EDDEE1AC1E6FBFB200C2CCCB /* Cloth.m */ = {isa = PBXFileReference; fileEncoding = 4; lastKnownFileType = sourcecode.c.objc; path = Cloth.m; sourceTree = "<group>"; };
		EDDEE1AD1E6FBFB200C2CCCB /* Drink.h */ = {isa = PBXFileReference; fileEncoding = 4; lastKnownFileType = sourcecode.c.h; path = Drink.h; sourceTree = "<group>"; };
		EDDEE1AE1E6FBFB200C2CCCB /* Drink.m */ = {isa = PBXFileReference; fileEncoding = 4; lastKnownFileType = sourcecode.c.objc; path = Drink.m; sourceTree = "<group>"; };
		EDDEE1AF1E6FBFB200C2CCCB /* Food.h */ = {isa = PBXFileReference; fileEncoding = 4; lastKnownFileType = sourcecode.c.h; path = Food.h; sourceTree = "<group>"; };
		EDDEE1B01E6FBFB200C2CCCB /* Food.m */ = {isa = PBXFileReference; fileEncoding = 4; lastKnownFileType = sourcecode.c.objc; path = Food.m; sourceTree = "<group>"; };
		EDDEE1B11E6FBFB200C2CCCB /* Material.h */ = {isa = PBXFileReference; fileEncoding = 4; lastKnownFileType = sourcecode.c.h; path = Material.h; sourceTree = "<group>"; };
		EDDEE1B21E6FBFB200C2CCCB /* Material.m */ = {isa = PBXFileReference; fileEncoding = 4; lastKnownFileType = sourcecode.c.objc; path = Material.m; sourceTree = "<group>"; };
		EDDEE1B31E6FBFB200C2CCCB /* Products.h */ = {isa = PBXFileReference; fileEncoding = 4; lastKnownFileType = sourcecode.c.h; path = Products.h; sourceTree = "<group>"; };
		EDDEE1B41E6FBFB200C2CCCB /* Products.m */ = {isa = PBXFileReference; fileEncoding = 4; lastKnownFileType = sourcecode.c.objc; path = Products.m; sourceTree = "<group>"; };
		EDDEE1B51E6FBFB200C2CCCB /* ShoppingCart.h */ = {isa = PBXFileReference; fileEncoding = 4; lastKnownFileType = sourcecode.c.h; path = ShoppingCart.h; sourceTree = "<group>"; };
		EDDEE1B61E6FBFB200C2CCCB /* ShoppingCart.m */ = {isa = PBXFileReference; fileEncoding = 4; lastKnownFileType = sourcecode.c.objc; path = ShoppingCart.m; sourceTree = "<group>"; };
		EDDEE1BE1E6FC54A00C2CCCB /* FoodViewController.h */ = {isa = PBXFileReference; fileEncoding = 4; lastKnownFileType = sourcecode.c.h; path = FoodViewController.h; sourceTree = "<group>"; };
		EDDEE1BF1E6FC54A00C2CCCB /* FoodViewController.m */ = {isa = PBXFileReference; fileEncoding = 4; lastKnownFileType = sourcecode.c.objc; path = FoodViewController.m; sourceTree = "<group>"; };
		EDDEE1C11E6FC55800C2CCCB /* DrinkViewController.h */ = {isa = PBXFileReference; fileEncoding = 4; lastKnownFileType = sourcecode.c.h; path = DrinkViewController.h; sourceTree = "<group>"; };
		EDDEE1C21E6FC55800C2CCCB /* DrinkViewController.m */ = {isa = PBXFileReference; fileEncoding = 4; lastKnownFileType = sourcecode.c.objc; path = DrinkViewController.m; sourceTree = "<group>"; };
		EDDEE1C41E6FC56100C2CCCB /* ClothViewController.h */ = {isa = PBXFileReference; fileEncoding = 4; lastKnownFileType = sourcecode.c.h; path = ClothViewController.h; sourceTree = "<group>"; };
		EDDEE1C51E6FC56100C2CCCB /* ClothViewController.m */ = {isa = PBXFileReference; fileEncoding = 4; lastKnownFileType = sourcecode.c.objc; path = ClothViewController.m; sourceTree = "<group>"; };
		EDDEE1C81E6FCB7500C2CCCB /* ShoppingCartViewController.h */ = {isa = PBXFileReference; fileEncoding = 4; lastKnownFileType = sourcecode.c.h; path = ShoppingCartViewController.h; sourceTree = "<group>"; };
		EDDEE1C91E6FCB7500C2CCCB /* ShoppingCartViewController.m */ = {isa = PBXFileReference; fileEncoding = 4; lastKnownFileType = sourcecode.c.objc; path = ShoppingCartViewController.m; sourceTree = "<group>"; };
/* End PBXFileReference section */

/* Begin PBXFrameworksBuildPhase section */
		EDDEE1861E6FBF7E00C2CCCB /* Frameworks */ = {
			isa = PBXFrameworksBuildPhase;
			buildActionMask = 2147483647;
			files = (
			);
			runOnlyForDeploymentPostprocessing = 0;
		};
/* End PBXFrameworksBuildPhase section */

/* Begin PBXGroup section */
		EAF1E77A1E7241EE00DCA1BB /* Products */ = {
			isa = PBXGroup;
			children = (
				EAF1E77E1E7241F200DCA1BB /* SampleDelegate.app */,
			);
			name = Products;
			sourceTree = "<group>";
		};
		ED7D79191E73A77F00C5D7E8 /* Products */ = {
			isa = PBXGroup;
			children = (
				ED7D791E1E73A78000C5D7E8 /* TableViewController.app */,
			);
			name = Products;
			sourceTree = "<group>";
		};
		ED7D79281E73AA2200C5D7E8 /* TableView */ = {
			isa = PBXGroup;
			children = (
				ED7D78ED1E73A21600C5D7E8 /* TableViewController.h */,
				ED7D78EE1E73A21600C5D7E8 /* TableViewController.m */,
				ED7D79221E73A9F000C5D7E8 /* TextFieldTableCellTableViewCell.h */,
				ED7D79231E73A9F000C5D7E8 /* TextFieldTableCellTableViewCell.m */,
				ED7D79251E73AA1400C5D7E8 /* ImageTableViewCell.h */,
				ED7D79261E73AA1400C5D7E8 /* ImageTableViewCell.m */,
			);
			name = TableView;
			sourceTree = "<group>";
		};
		EDDEE1801E6FBF7E00C2CCCB = {
			isa = PBXGroup;
			children = (
				ED7D79181E73A77F00C5D7E8 /* TableViewController.xcodeproj */,
				EAF1E7791E7241EE00DCA1BB /* SampleDelegate.xcodeproj */,
				EDDEE18B1E6FBF7E00C2CCCB /* ShoppingCartUIApp */,
				EDDEE18A1E6FBF7E00C2CCCB /* Products */,
			);
			sourceTree = "<group>";
		};
		EDDEE18A1E6FBF7E00C2CCCB /* Products */ = {
			isa = PBXGroup;
			children = (
				EDDEE1891E6FBF7E00C2CCCB /* ShoppingCartUIApp.app */,
			);
			name = Products;
			sourceTree = "<group>";
		};
		EDDEE18B1E6FBF7E00C2CCCB /* ShoppingCartUIApp */ = {
			isa = PBXGroup;
			children = (
				EDDEE1C71E6FC5C000C2CCCB /* ViewController */,
				EDDEE1BD1E6FBFB500C2CCCB /* Product */,
				EDDEE18F1E6FBF7E00C2CCCB /* AppDelegate.h */,
				EDDEE1901E6FBF7E00C2CCCB /* AppDelegate.m */,
				EDDEE1951E6FBF7E00C2CCCB /* Main.storyboard */,
				EDDEE1981E6FBF7E00C2CCCB /* Assets.xcassets */,
				EDDEE19A1E6FBF7E00C2CCCB /* LaunchScreen.storyboard */,
				EDDEE19D1E6FBF7E00C2CCCB /* Info.plist */,
				EDDEE18C1E6FBF7E00C2CCCB /* Supporting Files */,
			);
			path = ShoppingCartUIApp;
			sourceTree = "<group>";
		};
		EDDEE18C1E6FBF7E00C2CCCB /* Supporting Files */ = {
			isa = PBXGroup;
			children = (
				EDDEE18D1E6FBF7E00C2CCCB /* main.m */,
			);
			name = "Supporting Files";
			sourceTree = "<group>";
		};
		EDDEE1BD1E6FBFB500C2CCCB /* Product */ = {
			isa = PBXGroup;
			children = (
				EDDEE1AB1E6FBFB200C2CCCB /* Cloth.h */,
				EDDEE1AC1E6FBFB200C2CCCB /* Cloth.m */,
				EDDEE1AD1E6FBFB200C2CCCB /* Drink.h */,
				EDDEE1AE1E6FBFB200C2CCCB /* Drink.m */,
				EDDEE1AF1E6FBFB200C2CCCB /* Food.h */,
				EDDEE1B01E6FBFB200C2CCCB /* Food.m */,
				EDDEE1B11E6FBFB200C2CCCB /* Material.h */,
				EDDEE1B21E6FBFB200C2CCCB /* Material.m */,
				EDDEE1B31E6FBFB200C2CCCB /* Products.h */,
				EDDEE1B41E6FBFB200C2CCCB /* Products.m */,
				EDDEE1B51E6FBFB200C2CCCB /* ShoppingCart.h */,
				EDDEE1B61E6FBFB200C2CCCB /* ShoppingCart.m */,
			);
			name = Product;
			sourceTree = "<group>";
		};
		EDDEE1C71E6FC5C000C2CCCB /* ViewController */ = {
			isa = PBXGroup;
			children = (
				EDDEE1921E6FBF7E00C2CCCB /* FirstViewController.h */,
				EDDEE1931E6FBF7E00C2CCCB /* FirstViewController.m */,
				EDDEE1BE1E6FC54A00C2CCCB /* FoodViewController.h */,
				EDDEE1BF1E6FC54A00C2CCCB /* FoodViewController.m */,
				EDDEE1C11E6FC55800C2CCCB /* DrinkViewController.h */,
				EDDEE1C21E6FC55800C2CCCB /* DrinkViewController.m */,
				EDDEE1C41E6FC56100C2CCCB /* ClothViewController.h */,
				EDDEE1C51E6FC56100C2CCCB /* ClothViewController.m */,
				ED7D79281E73AA2200C5D7E8 /* TableView */,
				EDDEE1C81E6FCB7500C2CCCB /* ShoppingCartViewController.h */,
				EDDEE1C91E6FCB7500C2CCCB /* ShoppingCartViewController.m */,
			);
			name = ViewController;
			sourceTree = "<group>";
		};
/* End PBXGroup section */

/* Begin PBXNativeTarget section */
		EDDEE1881E6FBF7E00C2CCCB /* ShoppingCartUIApp */ = {
			isa = PBXNativeTarget;
			buildConfigurationList = EDDEE1A01E6FBF7E00C2CCCB /* Build configuration list for PBXNativeTarget "ShoppingCartUIApp" */;
			buildPhases = (
				EDDEE1851E6FBF7E00C2CCCB /* Sources */,
				EDDEE1861E6FBF7E00C2CCCB /* Frameworks */,
				EDDEE1871E6FBF7E00C2CCCB /* Resources */,
			);
			buildRules = (
			);
			dependencies = (
			);
			name = ShoppingCartUIApp;
			productName = ShoppingCartUIApp;
			productReference = EDDEE1891E6FBF7E00C2CCCB /* ShoppingCartUIApp.app */;
			productType = "com.apple.product-type.application";
		};
/* End PBXNativeTarget section */

/* Begin PBXProject section */
		EDDEE1811E6FBF7E00C2CCCB /* Project object */ = {
			isa = PBXProject;
			attributes = {
				LastUpgradeCheck = 0820;
				ORGANIZATIONNAME = CICCC;
				TargetAttributes = {
					EDDEE1881E6FBF7E00C2CCCB = {
						CreatedOnToolsVersion = 8.2.1;
						DevelopmentTeam = MY9Q5UCLRX;
						ProvisioningStyle = Automatic;
					};
				};
			};
			buildConfigurationList = EDDEE1841E6FBF7E00C2CCCB /* Build configuration list for PBXProject "ShoppingCartUIApp" */;
			compatibilityVersion = "Xcode 3.2";
			developmentRegion = English;
			hasScannedForEncodings = 0;
			knownRegions = (
				en,
				Base,
			);
			mainGroup = EDDEE1801E6FBF7E00C2CCCB;
			productRefGroup = EDDEE18A1E6FBF7E00C2CCCB /* Products */;
			projectDirPath = "";
			projectReferences = (
				{
					ProductGroup = EAF1E77A1E7241EE00DCA1BB /* Products */;
					ProjectRef = EAF1E7791E7241EE00DCA1BB /* SampleDelegate.xcodeproj */;
				},
				{
					ProductGroup = ED7D79191E73A77F00C5D7E8 /* Products */;
					ProjectRef = ED7D79181E73A77F00C5D7E8 /* TableViewController.xcodeproj */;
				},
			);
			projectRoot = "";
			targets = (
				EDDEE1881E6FBF7E00C2CCCB /* ShoppingCartUIApp */,
			);
		};
/* End PBXProject section */

/* Begin PBXReferenceProxy section */
		EAF1E77E1E7241F200DCA1BB /* SampleDelegate.app */ = {
			isa = PBXReferenceProxy;
			fileType = wrapper.application;
			path = SampleDelegate.app;
			remoteRef = EAF1E77D1E7241F200DCA1BB /* PBXContainerItemProxy */;
			sourceTree = BUILT_PRODUCTS_DIR;
		};
		ED7D791E1E73A78000C5D7E8 /* TableViewController.app */ = {
			isa = PBXReferenceProxy;
			fileType = wrapper.application;
			path = TableViewController.app;
			remoteRef = ED7D791D1E73A78000C5D7E8 /* PBXContainerItemProxy */;
			sourceTree = BUILT_PRODUCTS_DIR;
		};
/* End PBXReferenceProxy section */

/* Begin PBXResourcesBuildPhase section */
		EDDEE1871E6FBF7E00C2CCCB /* Resources */ = {
			isa = PBXResourcesBuildPhase;
			buildActionMask = 2147483647;
			files = (
				EDDEE19C1E6FBF7E00C2CCCB /* LaunchScreen.storyboard in Resources */,
				EDDEE1991E6FBF7E00C2CCCB /* Assets.xcassets in Resources */,
				EDDEE1971E6FBF7E00C2CCCB /* Main.storyboard in Resources */,
			);
			runOnlyForDeploymentPostprocessing = 0;
		};
/* End PBXResourcesBuildPhase section */

/* Begin PBXSourcesBuildPhase section */
		EDDEE1851E6FBF7E00C2CCCB /* Sources */ = {
			isa = PBXSourcesBuildPhase;
			buildActionMask = 2147483647;
			files = (
				ED7D79241E73A9F000C5D7E8 /* TextFieldTableCellTableViewCell.m in Sources */,
				EDDEE1B71E6FBFB200C2CCCB /* Cloth.m in Sources */,
				EDDEE1C31E6FC55800C2CCCB /* DrinkViewController.m in Sources */,
				EDDEE1BB1E6FBFB200C2CCCB /* Products.m in Sources */,
				ED7D78EF1E73A21600C5D7E8 /* TableViewController.m in Sources */,
				EDDEE1BA1E6FBFB200C2CCCB /* Material.m in Sources */,
				EDDEE1CA1E6FCB7500C2CCCB /* ShoppingCartViewController.m in Sources */,
				EDDEE1B81E6FBFB200C2CCCB /* Drink.m in Sources */,
				EDDEE1941E6FBF7E00C2CCCB /* FirstViewController.m in Sources */,
				EDDEE1BC1E6FBFB200C2CCCB /* ShoppingCart.m in Sources */,
				ED7D79271E73AA1400C5D7E8 /* ImageTableViewCell.m in Sources */,
				EDDEE1C01E6FC54A00C2CCCB /* FoodViewController.m in Sources */,
				EDDEE1B91E6FBFB200C2CCCB /* Food.m in Sources */,
				EDDEE1C61E6FC56100C2CCCB /* ClothViewController.m in Sources */,
				EDDEE1911E6FBF7E00C2CCCB /* AppDelegate.m in Sources */,
				EDDEE18E1E6FBF7E00C2CCCB /* main.m in Sources */,
			);
			runOnlyForDeploymentPostprocessing = 0;
		};
/* End PBXSourcesBuildPhase section */

/* Begin PBXVariantGroup section */
		EDDEE1951E6FBF7E00C2CCCB /* Main.storyboard */ = {
			isa = PBXVariantGroup;
			children = (
				EDDEE1961E6FBF7E00C2CCCB /* Base */,
			);
			name = Main.storyboard;
			sourceTree = "<group>";
		};
		EDDEE19A1E6FBF7E00C2CCCB /* LaunchScreen.storyboard */ = {
			isa = PBXVariantGroup;
			children = (
				EDDEE19B1E6FBF7E00C2CCCB /* Base */,
			);
			name = LaunchScreen.storyboard;
			sourceTree = "<group>";
		};
/* End PBXVariantGroup section */

/* Begin XCBuildConfiguration section */
		EDDEE19E1E6FBF7E00C2CCCB /* Debug */ = {
			isa = XCBuildConfiguration;
			buildSettings = {
				ALWAYS_SEARCH_USER_PATHS = NO;
				CLANG_ANALYZER_NONNULL = YES;
				CLANG_CXX_LANGUAGE_STANDARD = "gnu++0x";
				CLANG_CXX_LIBRARY = "libc++";
				CLANG_ENABLE_MODULES = YES;
				CLANG_ENABLE_OBJC_ARC = YES;
				CLANG_WARN_BOOL_CONVERSION = YES;
				CLANG_WARN_CONSTANT_CONVERSION = YES;
				CLANG_WARN_DIRECT_OBJC_ISA_USAGE = YES_ERROR;
				CLANG_WARN_DOCUMENTATION_COMMENTS = YES;
				CLANG_WARN_EMPTY_BODY = YES;
				CLANG_WARN_ENUM_CONVERSION = YES;
				CLANG_WARN_INFINITE_RECURSION = YES;
				CLANG_WARN_INT_CONVERSION = YES;
				CLANG_WARN_OBJC_ROOT_CLASS = YES_ERROR;
				CLANG_WARN_SUSPICIOUS_MOVE = YES;
				CLANG_WARN_UNREACHABLE_CODE = YES;
				CLANG_WARN__DUPLICATE_METHOD_MATCH = YES;
				"CODE_SIGN_IDENTITY[sdk=iphoneos*]" = "iPhone Developer";
				COPY_PHASE_STRIP = NO;
				DEBUG_INFORMATION_FORMAT = dwarf;
				ENABLE_STRICT_OBJC_MSGSEND = YES;
				ENABLE_TESTABILITY = YES;
				GCC_C_LANGUAGE_STANDARD = gnu99;
				GCC_DYNAMIC_NO_PIC = NO;
				GCC_NO_COMMON_BLOCKS = YES;
				GCC_OPTIMIZATION_LEVEL = 0;
				GCC_PREPROCESSOR_DEFINITIONS = (
					"DEBUG=1",
					"$(inherited)",
				);
				GCC_WARN_64_TO_32_BIT_CONVERSION = YES;
				GCC_WARN_ABOUT_RETURN_TYPE = YES_ERROR;
				GCC_WARN_UNDECLARED_SELECTOR = YES;
				GCC_WARN_UNINITIALIZED_AUTOS = YES_AGGRESSIVE;
				GCC_WARN_UNUSED_FUNCTION = YES;
				GCC_WARN_UNUSED_VARIABLE = YES;
				IPHONEOS_DEPLOYMENT_TARGET = 10.2;
				MTL_ENABLE_DEBUG_INFO = YES;
				ONLY_ACTIVE_ARCH = YES;
				SDKROOT = iphoneos;
			};
			name = Debug;
		};
		EDDEE19F1E6FBF7E00C2CCCB /* Release */ = {
			isa = XCBuildConfiguration;
			buildSettings = {
				ALWAYS_SEARCH_USER_PATHS = NO;
				CLANG_ANALYZER_NONNULL = YES;
				CLANG_CXX_LANGUAGE_STANDARD = "gnu++0x";
				CLANG_CXX_LIBRARY = "libc++";
				CLANG_ENABLE_MODULES = YES;
				CLANG_ENABLE_OBJC_ARC = YES;
				CLANG_WARN_BOOL_CONVERSION = YES;
				CLANG_WARN_CONSTANT_CONVERSION = YES;
				CLANG_WARN_DIRECT_OBJC_ISA_USAGE = YES_ERROR;
				CLANG_WARN_DOCUMENTATION_COMMENTS = YES;
				CLANG_WARN_EMPTY_BODY = YES;
				CLANG_WARN_ENUM_CONVERSION = YES;
				CLANG_WARN_INFINITE_RECURSION = YES;
				CLANG_WARN_INT_CONVERSION = YES;
				CLANG_WARN_OBJC_ROOT_CLASS = YES_ERROR;
				CLANG_WARN_SUSPICIOUS_MOVE = YES;
				CLANG_WARN_UNREACHABLE_CODE = YES;
				CLANG_WARN__DUPLICATE_METHOD_MATCH = YES;
				"CODE_SIGN_IDENTITY[sdk=iphoneos*]" = "iPhone Developer";
				COPY_PHASE_STRIP = NO;
				DEBUG_INFORMATION_FORMAT = "dwarf-with-dsym";
				ENABLE_NS_ASSERTIONS = NO;
				ENABLE_STRICT_OBJC_MSGSEND = YES;
				GCC_C_LANGUAGE_STANDARD = gnu99;
				GCC_NO_COMMON_BLOCKS = YES;
				GCC_WARN_64_TO_32_BIT_CONVERSION = YES;
				GCC_WARN_ABOUT_RETURN_TYPE = YES_ERROR;
				GCC_WARN_UNDECLARED_SELECTOR = YES;
				GCC_WARN_UNINITIALIZED_AUTOS = YES_AGGRESSIVE;
				GCC_WARN_UNUSED_FUNCTION = YES;
				GCC_WARN_UNUSED_VARIABLE = YES;
				IPHONEOS_DEPLOYMENT_TARGET = 10.2;
				MTL_ENABLE_DEBUG_INFO = NO;
				SDKROOT = iphoneos;
				VALIDATE_PRODUCT = YES;
			};
			name = Release;
		};
		EDDEE1A11E6FBF7E00C2CCCB /* Debug */ = {
			isa = XCBuildConfiguration;
			buildSettings = {
				ASSETCATALOG_COMPILER_APPICON_NAME = AppIcon;
				DEVELOPMENT_TEAM = MY9Q5UCLRX;
				INFOPLIST_FILE = ShoppingCartUIApp/Info.plist;
				LD_RUNPATH_SEARCH_PATHS = "$(inherited) @executable_path/Frameworks";
				PRODUCT_BUNDLE_IDENTIFIER = ca.CICCC.ShoppingCartUIApp;
				PRODUCT_NAME = "$(TARGET_NAME)";
			};
			name = Debug;
		};
		EDDEE1A21E6FBF7E00C2CCCB /* Release */ = {
			isa = XCBuildConfiguration;
			buildSettings = {
				ASSETCATALOG_COMPILER_APPICON_NAME = AppIcon;
				DEVELOPMENT_TEAM = MY9Q5UCLRX;
				INFOPLIST_FILE = ShoppingCartUIApp/Info.plist;
				LD_RUNPATH_SEARCH_PATHS = "$(inherited) @executable_path/Frameworks";
				PRODUCT_BUNDLE_IDENTIFIER = ca.CICCC.ShoppingCartUIApp;
				PRODUCT_NAME = "$(TARGET_NAME)";
			};
			name = Release;
		};
/* End XCBuildConfiguration section */

/* Begin XCConfigurationList section */
		EDDEE1841E6FBF7E00C2CCCB /* Build configuration list for PBXProject "ShoppingCartUIApp" */ = {
			isa = XCConfigurationList;
			buildConfigurations = (
				EDDEE19E1E6FBF7E00C2CCCB /* Debug */,
				EDDEE19F1E6FBF7E00C2CCCB /* Release */,
			);
			defaultConfigurationIsVisible = 0;
			defaultConfigurationName = Release;
		};
		EDDEE1A01E6FBF7E00C2CCCB /* Build configuration list for PBXNativeTarget "ShoppingCartUIApp" */ = {
			isa = XCConfigurationList;
			buildConfigurations = (
				EDDEE1A11E6FBF7E00C2CCCB /* Debug */,
				EDDEE1A21E6FBF7E00C2CCCB /* Release */,
			);
			defaultConfigurationIsVisible = 0;
			defaultConfigurationName = Release;
		};
/* End XCConfigurationList section */
	};
	rootObject = EDDEE1811E6FBF7E00C2CCCB /* Project object */;
}
