// !$*UTF8*$!
{
	archiveVersion = 1;
	classes = {
	};
	objectVersion = 46;
	objects = {

/* Begin PBXBuildFile section */
		EAF1E7641E7241EE00DCA1BB /* main.m in Sources */ = {isa = PBXBuildFile; fileRef = EAF1E7631E7241EE00DCA1BB /* main.m */; };
		EAF1E7671E7241EE00DCA1BB /* AppDelegate.m in Sources */ = {isa = PBXBuildFile; fileRef = EAF1E7661E7241EE00DCA1BB /* AppDelegate.m */; };
		EAF1E76A1E7241EE00DCA1BB /* ReceiverViewController.m in Sources */ = {isa = PBXBuildFile; fileRef = EAF1E7691E7241EE00DCA1BB /* ReceiverViewController.m */; };
		EAF1E76D1E7241EE00DCA1BB /* Main.storyboard in Resources */ = {isa = PBXBuildFile; fileRef = EAF1E76B1E7241EE00DCA1BB /* Main.storyboard */; };
		EAF1E76F1E7241EE00DCA1BB /* Assets.xcassets in Resources */ = {isa = PBXBuildFile; fileRef = EAF1E76E1E7241EE00DCA1BB /* Assets.xcassets */; };
		EAF1E7721E7241EE00DCA1BB /* LaunchScreen.storyboard in Resources */ = {isa = PBXBuildFile; fileRef = EAF1E7701E7241EE00DCA1BB /* LaunchScreen.storyboard */; };
		EAF1E7811E72426800DCA1BB /* SenderViewController.m in Sources */ = {isa = PBXBuildFile; fileRef = EAF1E7801E72426800DCA1BB /* SenderViewController.m */; };
/* End PBXBuildFile section */

/* Begin PBXFileReference section */
		EAF1E75F1E7241EE00DCA1BB /* SampleDelegate.app */ = {isa = PBXFileReference; explicitFileType = wrapper.application; includeInIndex = 0; path = SampleDelegate.app; sourceTree = BUILT_PRODUCTS_DIR; };
		EAF1E7631E7241EE00DCA1BB /* main.m */ = {isa = PBXFileReference; lastKnownFileType = sourcecode.c.objc; path = main.m; sourceTree = "<group>"; };
		EAF1E7651E7241EE00DCA1BB /* AppDelegate.h */ = {isa = PBXFileReference; lastKnownFileType = sourcecode.c.h; path = AppDelegate.h; sourceTree = "<group>"; };
		EAF1E7661E7241EE00DCA1BB /* AppDelegate.m */ = {isa = PBXFileReference; lastKnownFileType = sourcecode.c.objc; path = AppDelegate.m; sourceTree = "<group>"; };
		EAF1E7681E7241EE00DCA1BB /* ReceiverViewController.h */ = {isa = PBXFileReference; lastKnownFileType = sourcecode.c.h; path = ReceiverViewController.h; sourceTree = "<group>"; };
		EAF1E7691E7241EE00DCA1BB /* ReceiverViewController.m */ = {isa = PBXFileReference; lastKnownFileType = sourcecode.c.objc; path = ReceiverViewController.m; sourceTree = "<group>"; };
		EAF1E76C1E7241EE00DCA1BB /* Base */ = {isa = PBXFileReference; lastKnownFileType = file.storyboard; name = Base; path = Base.lproj/Main.storyboard; sourceTree = "<group>"; };
		EAF1E76E1E7241EE00DCA1BB /* Assets.xcassets */ = {isa = PBXFileReference; lastKnownFileType = folder.assetcatalog; path = Assets.xcassets; sourceTree = "<group>"; };
		EAF1E7711E7241EE00DCA1BB /* Base */ = {isa = PBXFileReference; lastKnownFileType = file.storyboard; name = Base; path = Base.lproj/LaunchScreen.storyboard; sourceTree = "<group>"; };
		EAF1E7731E7241EE00DCA1BB /* Info.plist */ = {isa = PBXFileReference; lastKnownFileType = text.plist.xml; path = Info.plist; sourceTree = "<group>"; };
		EAF1E77F1E72426800DCA1BB /* SenderViewController.h */ = {isa = PBXFileReference; fileEncoding = 4; lastKnownFileType = sourcecode.c.h; path = SenderViewController.h; sourceTree = "<group>"; };
		EAF1E7801E72426800DCA1BB /* SenderViewController.m */ = {isa = PBXFileReference; fileEncoding = 4; lastKnownFileType = sourcecode.c.objc; path = SenderViewController.m; sourceTree = "<group>"; };
/* End PBXFileReference section */

/* Begin PBXFrameworksBuildPhase section */
		EAF1E75C1E7241EE00DCA1BB /* Frameworks */ = {
			isa = PBXFrameworksBuildPhase;
			buildActionMask = 2147483647;
			files = (
			);
			runOnlyForDeploymentPostprocessing = 0;
		};
/* End PBXFrameworksBuildPhase section */

/* Begin PBXGroup section */
		EAF1E7561E7241ED00DCA1BB = {
			isa = PBXGroup;
			children = (
				EAF1E7611E7241EE00DCA1BB /* SampleDelegate */,
				EAF1E7601E7241EE00DCA1BB /* Products */,
			);
			sourceTree = "<group>";
		};
		EAF1E7601E7241EE00DCA1BB /* Products */ = {
			isa = PBXGroup;
			children = (
				EAF1E75F1E7241EE00DCA1BB /* SampleDelegate.app */,
			);
			name = Products;
			sourceTree = "<group>";
		};
		EAF1E7611E7241EE00DCA1BB /* SampleDelegate */ = {
			isa = PBXGroup;
			children = (
				EAF1E7651E7241EE00DCA1BB /* AppDelegate.h */,
				EAF1E7661E7241EE00DCA1BB /* AppDelegate.m */,
				EAF1E7681E7241EE00DCA1BB /* ReceiverViewController.h */,
				EAF1E7691E7241EE00DCA1BB /* ReceiverViewController.m */,
				EAF1E77F1E72426800DCA1BB /* SenderViewController.h */,
				EAF1E7801E72426800DCA1BB /* SenderViewController.m */,
				EAF1E76B1E7241EE00DCA1BB /* Main.storyboard */,
				EAF1E76E1E7241EE00DCA1BB /* Assets.xcassets */,
				EAF1E7701E7241EE00DCA1BB /* LaunchScreen.storyboard */,
				EAF1E7731E7241EE00DCA1BB /* Info.plist */,
				EAF1E7621E7241EE00DCA1BB /* Supporting Files */,
			);
			path = SampleDelegate;
			sourceTree = "<group>";
		};
		EAF1E7621E7241EE00DCA1BB /* Supporting Files */ = {
			isa = PBXGroup;
			children = (
				EAF1E7631E7241EE00DCA1BB /* main.m */,
			);
			name = "Supporting Files";
			sourceTree = "<group>";
		};
/* End PBXGroup section */

/* Begin PBXNativeTarget section */
		EAF1E75E1E7241EE00DCA1BB /* SampleDelegate */ = {
			isa = PBXNativeTarget;
			buildConfigurationList = EAF1E7761E7241EE00DCA1BB /* Build configuration list for PBXNativeTarget "SampleDelegate" */;
			buildPhases = (
				EAF1E75B1E7241EE00DCA1BB /* Sources */,
				EAF1E75C1E7241EE00DCA1BB /* Frameworks */,
				EAF1E75D1E7241EE00DCA1BB /* Resources */,
			);
			buildRules = (
			);
			dependencies = (
			);
			name = SampleDelegate;
			productName = SampleDelegate;
			productReference = EAF1E75F1E7241EE00DCA1BB /* SampleDelegate.app */;
			productType = "com.apple.product-type.application";
		};
/* End PBXNativeTarget section */

/* Begin PBXProject section */
		EAF1E7571E7241ED00DCA1BB /* Project object */ = {
			isa = PBXProject;
			attributes = {
				LastUpgradeCheck = 0820;
				ORGANIZATIONNAME = "Saeko Fukui";
				TargetAttributes = {
					EAF1E75E1E7241EE00DCA1BB = {
						CreatedOnToolsVersion = 8.2.1;
						ProvisioningStyle = Automatic;
					};
				};
			};
			buildConfigurationList = EAF1E75A1E7241EE00DCA1BB /* Build configuration list for PBXProject "SampleDelegate" */;
			compatibilityVersion = "Xcode 3.2";
			developmentRegion = English;
			hasScannedForEncodings = 0;
			knownRegions = (
				en,
				Base,
			);
			mainGroup = EAF1E7561E7241ED00DCA1BB;
			productRefGroup = EAF1E7601E7241EE00DCA1BB /* Products */;
			projectDirPath = "";
			projectRoot = "";
			targets = (
				EAF1E75E1E7241EE00DCA1BB /* SampleDelegate */,
			);
		};
/* End PBXProject section */

/* Begin PBXResourcesBuildPhase section */
		EAF1E75D1E7241EE00DCA1BB /* Resources */ = {
			isa = PBXResourcesBuildPhase;
			buildActionMask = 2147483647;
			files = (
				EAF1E7721E7241EE00DCA1BB /* LaunchScreen.storyboard in Resources */,
				EAF1E76F1E7241EE00DCA1BB /* Assets.xcassets in Resources */,
				EAF1E76D1E7241EE00DCA1BB /* Main.storyboard in Resources */,
			);
			runOnlyForDeploymentPostprocessing = 0;
		};
/* End PBXResourcesBuildPhase section */

/* Begin PBXSourcesBuildPhase section */
		EAF1E75B1E7241EE00DCA1BB /* Sources */ = {
			isa = PBXSourcesBuildPhase;
			buildActionMask = 2147483647;
			files = (
				EAF1E76A1E7241EE00DCA1BB /* ReceiverViewController.m in Sources */,
				EAF1E7811E72426800DCA1BB /* SenderViewController.m in Sources */,
				EAF1E7671E7241EE00DCA1BB /* AppDelegate.m in Sources */,
				EAF1E7641E7241EE00DCA1BB /* main.m in Sources */,
			);
			runOnlyForDeploymentPostprocessing = 0;
		};
/* End PBXSourcesBuildPhase section */

/* Begin PBXVariantGroup section */
		EAF1E76B1E7241EE00DCA1BB /* Main.storyboard */ = {
			isa = PBXVariantGroup;
			children = (
				EAF1E76C1E7241EE00DCA1BB /* Base */,
			);
			name = Main.storyboard;
			sourceTree = "<group>";
		};
		EAF1E7701E7241EE00DCA1BB /* LaunchScreen.storyboard */ = {
			isa = PBXVariantGroup;
			children = (
				EAF1E7711E7241EE00DCA1BB /* Base */,
			);
			name = LaunchScreen.storyboard;
			sourceTree = "<group>";
		};
/* End PBXVariantGroup section */

/* Begin XCBuildConfiguration section */
		EAF1E7741E7241EE00DCA1BB /* Debug */ = {
			isa = XCBuildConfiguration;
			buildSettings = {
				ALWAYS_SEARCH_USER_PATHS = NO;
				CLANG_ANALYZER_NONNULL = YES;
				CLANG_CXX_LANGUAGE_STANDARD = "gnu++0x";
				CLANG_CXX_LIBRARY = "libc++";
				CLANG_ENABLE_MODULES = YES;
				CLANG_ENABLE_OBJC_ARC = YES;
				CLANG_WARN_BOOL_CONVERSION = YES;
				CLANG_WARN_CONSTANT_CONVERSION = YES;
				CLANG_WARN_DIRECT_OBJC_ISA_USAGE = YES_ERROR;
				CLANG_WARN_DOCUMENTATION_COMMENTS = YES;
				CLANG_WARN_EMPTY_BODY = YES;
				CLANG_WARN_ENUM_CONVERSION = YES;
				CLANG_WARN_INFINITE_RECURSION = YES;
				CLANG_WARN_INT_CONVERSION = YES;
				CLANG_WARN_OBJC_ROOT_CLASS = YES_ERROR;
				CLANG_WARN_SUSPICIOUS_MOVE = YES;
				CLANG_WARN_UNREACHABLE_CODE = YES;
				CLANG_WARN__DUPLICATE_METHOD_MATCH = YES;
				"CODE_SIGN_IDENTITY[sdk=iphoneos*]" = "iPhone Developer";
				COPY_PHASE_STRIP = NO;
				DEBUG_INFORMATION_FORMAT = dwarf;
				ENABLE_STRICT_OBJC_MSGSEND = YES;
				ENABLE_TESTABILITY = YES;
				GCC_C_LANGUAGE_STANDARD = gnu99;
				GCC_DYNAMIC_NO_PIC = NO;
				GCC_NO_COMMON_BLOCKS = YES;
				GCC_OPTIMIZATION_LEVEL = 0;
				GCC_PREPROCESSOR_DEFINITIONS = (
					"DEBUG=1",
					"$(inherited)",
				);
				GCC_WARN_64_TO_32_BIT_CONVERSION = YES;
				GCC_WARN_ABOUT_RETURN_TYPE = YES_ERROR;
				GCC_WARN_UNDECLARED_SELECTOR = YES;
				GCC_WARN_UNINITIALIZED_AUTOS = YES_AGGRESSIVE;
				GCC_WARN_UNUSED_FUNCTION = YES;
				GCC_WARN_UNUSED_VARIABLE = YES;
				IPHONEOS_DEPLOYMENT_TARGET = 10.2;
				MTL_ENABLE_DEBUG_INFO = YES;
				ONLY_ACTIVE_ARCH = YES;
				SDKROOT = iphoneos;
			};
			name = Debug;
		};
		EAF1E7751E7241EE00DCA1BB /* Release */ = {
			isa = XCBuildConfiguration;
			buildSettings = {
				ALWAYS_SEARCH_USER_PATHS = NO;
				CLANG_ANALYZER_NONNULL = YES;
				CLANG_CXX_LANGUAGE_STANDARD = "gnu++0x";
				CLANG_CXX_LIBRARY = "libc++";
				CLANG_ENABLE_MODULES = YES;
				CLANG_ENABLE_OBJC_ARC = YES;
				CLANG_WARN_BOOL_CONVERSION = YES;
				CLANG_WARN_CONSTANT_CONVERSION = YES;
				CLANG_WARN_DIRECT_OBJC_ISA_USAGE = YES_ERROR;
				CLANG_WARN_DOCUMENTATION_COMMENTS = YES;
				CLANG_WARN_EMPTY_BODY = YES;
				CLANG_WARN_ENUM_CONVERSION = YES;
				CLANG_WARN_INFINITE_RECURSION = YES;
				CLANG_WARN_INT_CONVERSION = YES;
				CLANG_WARN_OBJC_ROOT_CLASS = YES_ERROR;
				CLANG_WARN_SUSPICIOUS_MOVE = YES;
				CLANG_WARN_UNREACHABLE_CODE = YES;
				CLANG_WARN__DUPLICATE_METHOD_MATCH = YES;
				"CODE_SIGN_IDENTITY[sdk=iphoneos*]" = "iPhone Developer";
				COPY_PHASE_STRIP = NO;
				DEBUG_INFORMATION_FORMAT = "dwarf-with-dsym";
				ENABLE_NS_ASSERTIONS = NO;
				ENABLE_STRICT_OBJC_MSGSEND = YES;
				GCC_C_LANGUAGE_STANDARD = gnu99;
				GCC_NO_COMMON_BLOCKS = YES;
				GCC_WARN_64_TO_32_BIT_CONVERSION = YES;
				GCC_WARN_ABOUT_RETURN_TYPE = YES_ERROR;
				GCC_WARN_UNDECLARED_SELECTOR = YES;
				GCC_WARN_UNINITIALIZED_AUTOS = YES_AGGRESSIVE;
				GCC_WARN_UNUSED_FUNCTION = YES;
				GCC_WARN_UNUSED_VARIABLE = YES;
				IPHONEOS_DEPLOYMENT_TARGET = 10.2;
				MTL_ENABLE_DEBUG_INFO = NO;
				SDKROOT = iphoneos;
				VALIDATE_PRODUCT = YES;
			};
			name = Release;
		};
		EAF1E7771E7241EE00DCA1BB /* Debug */ = {
			isa = XCBuildConfiguration;
			buildSettings = {
				ASSETCATALOG_COMPILER_APPICON_NAME = AppIcon;
				INFOPLIST_FILE = SampleDelegate/Info.plist;
				LD_RUNPATH_SEARCH_PATHS = "$(inherited) @executable_path/Frameworks";
				PRODUCT_BUNDLE_IDENTIFIER = ca.saeko.SampleDelegate;
				PRODUCT_NAME = "$(TARGET_NAME)";
			};
			name = Debug;
		};
		EAF1E7781E7241EE00DCA1BB /* Release */ = {
			isa = XCBuildConfiguration;
			buildSettings = {
				ASSETCATALOG_COMPILER_APPICON_NAME = AppIcon;
				INFOPLIST_FILE = SampleDelegate/Info.plist;
				LD_RUNPATH_SEARCH_PATHS = "$(inherited) @executable_path/Frameworks";
				PRODUCT_BUNDLE_IDENTIFIER = ca.saeko.SampleDelegate;
				PRODUCT_NAME = "$(TARGET_NAME)";
			};
			name = Release;
		};
/* End XCBuildConfiguration section */

/* Begin XCConfigurationList section */
		EAF1E75A1E7241EE00DCA1BB /* Build configuration list for PBXProject "SampleDelegate" */ = {
			isa = XCConfigurationList;
			buildConfigurations = (
				EAF1E7741E7241EE00DCA1BB /* Debug */,
				EAF1E7751E7241EE00DCA1BB /* Release */,
			);
			defaultConfigurationIsVisible = 0;
			defaultConfigurationName = Release;
		};
		EAF1E7761E7241EE00DCA1BB /* Build configuration list for PBXNativeTarget "SampleDelegate" */ = {
			isa = XCConfigurationList;
			buildConfigurations = (
				EAF1E7771E7241EE00DCA1BB /* Debug */,
				EAF1E7781E7241EE00DCA1BB /* Release */,
			);
			defaultConfigurationIsVisible = 0;
		};
/* End XCConfigurationList section */
	};
	rootObject = EAF1E7571E7241ED00DCA1BB /* Project object */;
}
